{
  "version": 1,
  "dependencies": {
    "net10.0-windows7.0": {
      "DalamudPackager": {
        "type": "Direct",
        "requested": "[15.0.0, )",
        "resolved": "15.0.0",
        "contentHash": "411vwC8/X8Z/sQ2TI6v3SvOn66xFPeOjFn3Zn+h0d3Ox2t1kFm66AhDvmx/qcMwVrR+Hidxj0dadpQ2dgyXMBQ=="
      },
      "DotNet.ReproducibleBuilds": {
        "type": "Direct",
        "requested": "[1.2.39, )",
        "resolved": "1.2.39",
        "contentHash": "fcFN01tDTIQqDuTwr1jUQK/geofiwjG5DycJQOnC72i1SsLAk1ELe+apBOuZ11UMQG8YKFZG1FgvjZPbqHyatg=="
      },
      "ECommons": {
        "type": "Direct",
        "requested": "[*, )",
        "resolved": "3.2.0.18",
        "contentHash": "esPIjfuveuw05c4PI7gqpRcifaUaUZ9sf7JnN90CBM1Ah2emxTBrKQl6A+ghHobwQOOe+yflN03TJnv32NEkVw=="
      },
      "Hexa.NET.ImGui": {
        "type": "Direct",
        "requested": "[2.2.9, )",
        "resolved": "2.2.9",
        "contentHash": "WFnhZiBZ6UStKqVt43d2hhGCBaJ/TfLRVExnqAO+R3TEbfTQfVjWhcDRUb7n4SvFW7AP9JR8TpCutQZmV62D2A==",
        "dependencies": {
          "HexaGen.Runtime": "1.1.21"
        }
      },
      "HexaGen.Runtime": {
        "type": "Transitive",
        "resolved": "1.1.21",
        "contentHash": "fxSBIroVyuU1CQUSKsE3IZNOW8FlI58zuU1kIG5ZvDH0jtQq5yTPEvPMoNyMB5PrhzYH/taTMqd85VtxcZPD8g=="
      }
    }
  }
}